
Microsoft Visual Studio Solution File, Format Version 12.00
# Visual Studio Version 17
VisualStudioVersion = 17.0.32112.339
MinimumVisualStudioVersion = 10.0.40219.1
Project("{2150E333-8FDC-42A3-9474-1A3956D46DE8}") = "API", "API", "{FCF1D5D0-0923-4365-82B2-FB9884BF3E5A}"
EndProject
Project("{2150E333-8FDC-42A3-9474-1A3956D46DE8}") = "Core", "Core", "{B9A5CA37-7B6C-44F0-8218-197F10F83D8C}"
EndProject
Project("{2150E333-8FDC-42A3-9474-1A3956D46DE8}") = "UI", "UI", "{6C54C6DA-1FB0-41F4-88B3-990CAF9CEC5F}"
EndProject
Project("{2150E333-8FDC-42A3-9474-1A3956D46DE8}") = "Infrastructure", "Infrastructure", "{AA9C85D2-A001-4D7A-B7D0-976ADEB87E36}"
EndProject
Project("{2150E333-8FDC-42A3-9474-1A3956D46DE8}") = "src", "src", "{013C5685-99A2-429A-B865-317B5D824727}"
EndProject
Project("{9A19103F-16F7-4668-BE54-9A1E7A4F7556}") = "ProductionManager.Domain", "ProductionManager.Domain\ProductionManager.Domain.csproj", "{CA6BCEDA-7250-45CA-938C-BC37E712B0B7}"
EndProject
Project("{FAE04EC0-301F-11D3-BF4B-00C04F79EFBC}") = "ProductionManager.Application", "ProductionManager.Application\ProductionManager.Application.csproj", "{63B41B78-BB4F-44B3-B83A-8A8DFC553737}"
EndProject
Global
	GlobalSection(SolutionConfigurationPlatforms) = preSolution
		Debug|Any CPU = Debug|Any CPU
		Release|Any CPU = Release|Any CPU
	EndGlobalSection
	GlobalSection(ProjectConfigurationPlatforms) = postSolution
		{CA6BCEDA-7250-45CA-938C-BC37E712B0B7}.Debug|Any CPU.ActiveCfg = Debug|Any CPU
		{CA6BCEDA-7250-45CA-938C-BC37E712B0B7}.Debug|Any CPU.Build.0 = Debug|Any CPU
		{CA6BCEDA-7250-45CA-938C-BC37E712B0B7}.Release|Any CPU.ActiveCfg = Release|Any CPU
		{CA6BCEDA-7250-45CA-938C-BC37E712B0B7}.Release|Any CPU.Build.0 = Release|Any CPU
		{63B41B78-BB4F-44B3-B83A-8A8DFC553737}.Debug|Any CPU.ActiveCfg = Debug|Any CPU
		{63B41B78-BB4F-44B3-B83A-8A8DFC553737}.Debug|Any CPU.Build.0 = Debug|Any CPU
		{63B41B78-BB4F-44B3-B83A-8A8DFC553737}.Release|Any CPU.ActiveCfg = Release|Any CPU
		{63B41B78-BB4F-44B3-B83A-8A8DFC553737}.Release|Any CPU.Build.0 = Release|Any CPU
	EndGlobalSection
	GlobalSection(SolutionProperties) = preSolution
		HideSolutionNode = FALSE
	EndGlobalSection
	GlobalSection(NestedProjects) = preSolution
		{FCF1D5D0-0923-4365-82B2-FB9884BF3E5A} = {013C5685-99A2-429A-B865-317B5D824727}
		{B9A5CA37-7B6C-44F0-8218-197F10F83D8C} = {013C5685-99A2-429A-B865-317B5D824727}
		{6C54C6DA-1FB0-41F4-88B3-990CAF9CEC5F} = {013C5685-99A2-429A-B865-317B5D824727}
		{AA9C85D2-A001-4D7A-B7D0-976ADEB87E36} = {013C5685-99A2-429A-B865-317B5D824727}
		{CA6BCEDA-7250-45CA-938C-BC37E712B0B7} = {B9A5CA37-7B6C-44F0-8218-197F10F83D8C}
		{63B41B78-BB4F-44B3-B83A-8A8DFC553737} = {B9A5CA37-7B6C-44F0-8218-197F10F83D8C}
	EndGlobalSection
	GlobalSection(ExtensibilityGlobals) = postSolution
		SolutionGuid = {E48167A8-7FFB-4563-A121-3491B8788E59}
	EndGlobalSection
EndGlobal
